
Microsoft Visual Studio Solution File, Format Version 12.00
# Visual Studio 15
VisualStudioVersion = 15.0.28307.572
MinimumVisualStudioVersion = 10.0.40219.1
Project("{FAE04EC0-301F-11D3-BF4B-00C04F79EFBC}") = "Lab2", "Lab2\Lab2.csproj", "{B06EC653-7D8B-42A9-B8CD-C3D605DCC11C}"
EndProject
Global
	GlobalSection(SolutionConfigurationPlatforms) = preSolution
		Debug|Any CPU = Debug|Any CPU
		Release|Any CPU = Release|Any CPU
	EndGlobalSection
	GlobalSection(ProjectConfigurationPlatforms) = postSolution
		{B06EC653-7D8B-42A9-B8CD-C3D605DCC11C}.Debug|Any CPU.ActiveCfg = Debug|Any CPU
		{B06EC653-7D8B-42A9-B8CD-C3D605DCC11C}.Debug|Any CPU.Build.0 = Debug|Any CPU
		{B06EC653-7D8B-42A9-B8CD-C3D605DCC11C}.Release|Any CPU.ActiveCfg = Release|Any CPU
		{B06EC653-7D8B-42A9-B8CD-C3D605DCC11C}.Release|Any CPU.Build.0 = Release|Any CPU
	EndGlobalSection
	GlobalSection(SolutionProperties) = preSolution
		HideSolutionNode = FALSE
	EndGlobalSection
	GlobalSection(ExtensibilityGlobals) = postSolution
		SolutionGuid = {B91EED18-83A5-434F-A500-E1899E9A2190}
	EndGlobalSection
EndGlobal
